PODS:
  - Capacitor (6.1.1):
    - CapacitorCordova
  - CapacitorBrowser (6.0.1):
    - Capacitor
  - CapacitorCamera (6.0.1):
    - Capacitor
  - CapacitorCordova (6.1.1)
  - CapacitorSplashScreen (6.0.1):
    - Capacitor

DEPENDENCIES:
  - "Capacitor (from `../../node_modules/@capacitor/ios`)"
  - "CapacitorBrowser (from `../../node_modules/@capacitor/browser`)"
  - "CapacitorCamera (from `../../node_modules/@capacitor/camera`)"
  - "CapacitorCordova (from `../../node_modules/@capacitor/ios`)"
  - "CapacitorSplashScreen (from `../../node_modules/@capacitor/splash-screen`)"

EXTERNAL SOURCES:
  Capacitor:
    :path: "../../node_modules/@capacitor/ios"
  CapacitorBrowser:
    :path: "../../node_modules/@capacitor/browser"
  CapacitorCamera:
    :path: "../../node_modules/@capacitor/camera"
  CapacitorCordova:
    :path: "../../node_modules/@capacitor/ios"
  CapacitorSplashScreen:
    :path: "../../node_modules/@capacitor/splash-screen"

SPEC CHECKSUMS:
  Capacitor: 8941aba4364ba9d1b22188569001f2ce45cc2b00
  CapacitorBrowser: 473c7fd70ddbe541608ff09ec1be14da0078279e
  CapacitorCamera: 3b77b3e8311b98220de65e63445c0e4d0b30ce3a
  CapacitorCordova: 8f2cc8d8d3619c566e9418fe8772064a94266106
  CapacitorSplashScreen: 61645214e8f955ff2b80f16a6a3648960fe4c89f

PODFILE CHECKSUM: e18bdfa648fc2a48085b0904cb65d49dd05f48fe

COCOAPODS: 1.14.3
